Microsoft Visual Studio Solution File, Format Version 12.00
# Visual Studio Version 17
VisualStudioVersion = 17.5.2.0
MinimumVisualStudioVersion = 10.0.40219.1
Project("{FAE04EC0-301F-11D3-BF4B-00C04F79EFBC}") = "landmark-backend-api", "landmark-backend-api.csproj", "{9EEB3B56-B7E1-E7F9-8E11-1B5579698360}"
EndProject
Global
	GlobalSection(SolutionConfigurationPlatforms) = preSolution
		Debug|Any CPU = Debug|Any CPU
		Release|Any CPU = Release|Any CPU
	EndGlobalSection
	GlobalSection(ProjectConfigurationPlatforms) = postSolution
		{9EEB3B56-B7E1-E7F9-8E11-1B5579698360}.Debug|Any CPU.ActiveCfg = Debug|Any CPU
		{9EEB3B56-B7E1-E7F9-8E11-1B5579698360}.Debug|Any CPU.Build.0 = Debug|Any CPU
		{9EEB3B56-B7E1-E7F9-8E11-1B5579698360}.Release|Any CPU.ActiveCfg = Release|Any CPU
		{9EEB3B56-B7E1-E7F9-8E11-1B5579698360}.Release|Any CPU.Build.0 = Release|Any CPU
	EndGlobalSection
	GlobalSection(SolutionProperties) = preSolution
		HideSolutionNode = FALSE
	EndGlobalSection
	GlobalSection(ExtensibilityGlobals) = postSolution
		SolutionGuid = {9A9914FE-6E0C-4ACE-B028-BDC95A421772}
	EndGlobalSection
EndGlobal
